
Microsoft Visual Studio Solution File, Format Version 12.00
# Visual Studio 14
VisualStudioVersion = 14.0.25420.1
MinimumVisualStudioVersion = 10.0.40219.1
Project("{FAE04EC0-301F-11D3-BF4B-00C04F79EFBC}") = "JS_Lesson9", "JS_Lesson9\JS_Lesson9.csproj", "{2B451B3A-4D25-49BD-8938-CEEF5168B25B}"
EndProject
Global
	GlobalSection(SolutionConfigurationPlatforms) = preSolution
		Debug|Any CPU = Debug|Any CPU
		Release|Any CPU = Release|Any CPU
	EndGlobalSection
	GlobalSection(ProjectConfigurationPlatforms) = postSolution
		{2B451B3A-4D25-49BD-8938-CEEF5168B25B}.Debug|Any CPU.ActiveCfg = Debug|Any CPU
		{2B451B3A-4D25-49BD-8938-CEEF5168B25B}.Debug|Any CPU.Build.0 = Debug|Any CPU
		{2B451B3A-4D25-49BD-8938-CEEF5168B25B}.Release|Any CPU.ActiveCfg = Release|Any CPU
		{2B451B3A-4D25-49BD-8938-CEEF5168B25B}.Release|Any CPU.Build.0 = Release|Any CPU
	EndGlobalSection
	GlobalSection(SolutionProperties) = preSolution
		HideSolutionNode = FALSE
	EndGlobalSection
EndGlobal
